
Microsoft Visual Studio Solution File, Format Version 12.00
# Visual Studio Version 17
VisualStudioVersion = 17.14.36717.8 d17.14
MinimumVisualStudioVersion = 10.0.40219.1
Project("{FAE04EC0-301F-11D3-BF4B-00C04F79EFBC}") = "QuanLyBanHang.GUI", "QuanLyBanHang.GUI\QuanLyBanHang.GUI.csproj", "{3C78FF3A-84B2-42D5-A4FB-2C6654086450}"
EndProject
Project("{FAE04EC0-301F-11D3-BF4B-00C04F79EFBC}") = "QuanLyBanHang.BUS", "QuanLyBanHang.BUS\QuanLyBanHang.BUS.csproj", "{42523708-76C4-42C2-8BF1-11DF6C3C7ECE}"
EndProject
Project("{FAE04EC0-301F-11D3-BF4B-00C04F79EFBC}") = "QuanLyBanHang.DTO", "QuanLyBanHang.DTO\QuanLyBanHang.DTO.csproj", "{20A721FE-0C18-4EAB-95CD-FB02F5855AA9}"
EndProject
Project("{FAE04EC0-301F-11D3-BF4B-00C04F79EFBC}") = "QuanLyBanHang.DAO", "QuanLyBanHang.DAO\QuanLyBanHang.DAO.csproj", "{680A118F-8A8C-4DE0-8DFF-C1BA235BDD6E}"
EndProject
Global
	GlobalSection(SolutionConfigurationPlatforms) = preSolution
		Debug|Any CPU = Debug|Any CPU
		Release|Any CPU = Release|Any CPU
	EndGlobalSection
	GlobalSection(ProjectConfigurationPlatforms) = postSolution
		{3C78FF3A-84B2-42D5-A4FB-2C6654086450}.Debug|Any CPU.ActiveCfg = Debug|Any CPU
		{3C78FF3A-84B2-42D5-A4FB-2C6654086450}.Debug|Any CPU.Build.0 = Debug|Any CPU
		{3C78FF3A-84B2-42D5-A4FB-2C6654086450}.Release|Any CPU.ActiveCfg = Release|Any CPU
		{3C78FF3A-84B2-42D5-A4FB-2C6654086450}.Release|Any CPU.Build.0 = Release|Any CPU
		{42523708-76C4-42C2-8BF1-11DF6C3C7ECE}.Debug|Any CPU.ActiveCfg = Debug|Any CPU
		{42523708-76C4-42C2-8BF1-11DF6C3C7ECE}.Debug|Any CPU.Build.0 = Debug|Any CPU
		{42523708-76C4-42C2-8BF1-11DF6C3C7ECE}.Release|Any CPU.ActiveCfg = Release|Any CPU
		{42523708-76C4-42C2-8BF1-11DF6C3C7ECE}.Release|Any CPU.Build.0 = Release|Any CPU
		{20A721FE-0C18-4EAB-95CD-FB02F5855AA9}.Debug|Any CPU.ActiveCfg = Debug|Any CPU
		{20A721FE-0C18-4EAB-95CD-FB02F5855AA9}.Debug|Any CPU.Build.0 = Debug|Any CPU
		{20A721FE-0C18-4EAB-95CD-FB02F5855AA9}.Release|Any CPU.ActiveCfg = Release|Any CPU
		{20A721FE-0C18-4EAB-95CD-FB02F5855AA9}.Release|Any CPU.Build.0 = Release|Any CPU
		{680A118F-8A8C-4DE0-8DFF-C1BA235BDD6E}.Debug|Any CPU.ActiveCfg = Debug|Any CPU
		{680A118F-8A8C-4DE0-8DFF-C1BA235BDD6E}.Debug|Any CPU.Build.0 = Debug|Any CPU
		{680A118F-8A8C-4DE0-8DFF-C1BA235BDD6E}.Release|Any CPU.ActiveCfg = Release|Any CPU
		{680A118F-8A8C-4DE0-8DFF-C1BA235BDD6E}.Release|Any CPU.Build.0 = Release|Any CPU
	EndGlobalSection
	GlobalSection(SolutionProperties) = preSolution
		HideSolutionNode = FALSE
	EndGlobalSection
	GlobalSection(ExtensibilityGlobals) = postSolution
		SolutionGuid = {197D25ED-D953-4B00-AD2F-39DB8A258758}
	EndGlobalSection
EndGlobal
